Microsoft Visual Studio Solution File, Format Version 12.00
# Visual Studio Version 17
Project("{2150E333-8FDC-42A3-9474-1A3956D46DE8}") = "src", "src", "{A1B2C3D4-0000-4000-8000-000000000001}"
EndProject
Project("{2150E333-8FDC-42A3-9474-1A3956D46DE8}") = "tests", "tests", "{A1B2C3D4-0000-4000-8000-000000000002}"
EndProject
Project("{9A19103F-16F7-4668-BE54-9A1E7A4F7556}") = "Stockroom.Domain", "src\Stockroom.Domain\Stockroom.Domain.csproj", "{A1B2C3D4-0000-4000-8000-000000000011}"
EndProject
Project("{9A19103F-16F7-4668-BE54-9A1E7A4F7556}") = "Stockroom.Application", "src\Stockroom.Application\Stockroom.Application.csproj", "{A1B2C3D4-0000-4000-8000-000000000012}"
EndProject
Project("{9A19103F-16F7-4668-BE54-9A1E7A4F7556}") = "Stockroom.Infrastructure", "src\Stockroom.Infrastructure\Stockroom.Infrastructure.csproj", "{A1B2C3D4-0000-4000-8000-000000000013}"
EndProject
Project("{9A19103F-16F7-4668-BE54-9A1E7A4F7556}") = "Stockroom.Api", "src\Stockroom.Api\Stockroom.Api.csproj", "{A1B2C3D4-0000-4000-8000-000000000014}"
EndProject
Project("{9A19103F-16F7-4668-BE54-9A1E7A4F7556}") = "Stockroom.Tests", "tests\Stockroom.Tests\Stockroom.Tests.csproj", "{A1B2C3D4-0000-4000-8000-000000000021}"
EndProject
Global
	GlobalSection(SolutionConfigurationPlatforms) = preSolution
		Debug|Any CPU = Debug|Any CPU
		Release|Any CPU = Release|Any CPU
	EndGlobalSection
	GlobalSection(ProjectConfigurationPlatforms) = postSolution
		{A1B2C3D4-0000-4000-8000-000000000011}.Debug|Any CPU.ActiveCfg = Debug|Any CPU
		{A1B2C3D4-0000-4000-8000-000000000011}.Debug|Any CPU.Build.0 = Debug|Any CPU
		{A1B2C3D4-0000-4000-8000-000000000011}.Release|Any CPU.ActiveCfg = Release|Any CPU
		{A1B2C3D4-0000-4000-8000-000000000011}.Release|Any CPU.Build.0 = Release|Any CPU
		{A1B2C3D4-0000-4000-8000-000000000012}.Debug|Any CPU.ActiveCfg = Debug|Any CPU
		{A1B2C3D4-0000-4000-8000-000000000012}.Debug|Any CPU.Build.0 = Debug|Any CPU
		{A1B2C3D4-0000-4000-8000-000000000012}.Release|Any CPU.ActiveCfg = Release|Any CPU
		{A1B2C3D4-0000-4000-8000-000000000012}.Release|Any CPU.Build.0 = Release|Any CPU
		{A1B2C3D4-0000-4000-8000-000000000013}.Debug|Any CPU.ActiveCfg = Debug|Any CPU
		{A1B2C3D4-0000-4000-8000-000000000013}.Debug|Any CPU.Build.0 = Debug|Any CPU
		{A1B2C3D4-0000-4000-8000-000000000013}.Release|Any CPU.ActiveCfg = Release|Any CPU
		{A1B2C3D4-0000-4000-8000-000000000013}.Release|Any CPU.Build.0 = Release|Any CPU
		{A1B2C3D4-0000-4000-8000-000000000014}.Debug|Any CPU.ActiveCfg = Debug|Any CPU
		{A1B2C3D4-0000-4000-8000-000000000014}.Debug|Any CPU.Build.0 = Debug|Any CPU
		{A1B2C3D4-0000-4000-8000-000000000014}.Release|Any CPU.ActiveCfg = Release|Any CPU
		{A1B2C3D4-0000-4000-8000-000000000014}.Release|Any CPU.Build.0 = Release|Any CPU
		{A1B2C3D4-0000-4000-8000-000000000021}.Debug|Any CPU.ActiveCfg = Debug|Any CPU
		{A1B2C3D4-0000-4000-8000-000000000021}.Debug|Any CPU.Build.0 = Debug|Any CPU
		{A1B2C3D4-0000-4000-8000-000000000021}.Release|Any CPU.ActiveCfg = Release|Any CPU
		{A1B2C3D4-0000-4000-8000-000000000021}.Release|Any CPU.Build.0 = Release|Any CPU
	EndGlobalSection
	GlobalSection(NestedProjects) = preSolution
		{A1B2C3D4-0000-4000-8000-000000000011} = {A1B2C3D4-0000-4000-8000-000000000001}
		{A1B2C3D4-0000-4000-8000-000000000012} = {A1B2C3D4-0000-4000-8000-000000000001}
		{A1B2C3D4-0000-4000-8000-000000000013} = {A1B2C3D4-0000-4000-8000-000000000001}
		{A1B2C3D4-0000-4000-8000-000000000014} = {A1B2C3D4-0000-4000-8000-000000000001}
		{A1B2C3D4-0000-4000-8000-000000000021} = {A1B2C3D4-0000-4000-8000-000000000002}
	EndGlobalSection
EndGlobal
